
Microsoft Visual Studio Solution File, Format Version 12.00
# Visual Studio Version 17
VisualStudioVersion = 17.11.35222.181
MinimumVisualStudioVersion = 10.0.40219.1
Project("{9A19103F-16F7-4668-BE54-9A1E7A4F7556}") = "2.2 ChatCompletionSample", "ChatCompletionSample\2.2 ChatCompletionSample.csproj", "{36A96B86-8807-4BA8-8483-1B32B482DFC4}"
EndProject
Project("{9A19103F-16F7-4668-BE54-9A1E7A4F7556}") = "2.3 ChatbotSample", "ChatbotSample\2.3 ChatbotSample.csproj", "{A549FD16-40B2-4D5D-9F6E-D10BC85DFA82}"
EndProject
Project("{9A19103F-16F7-4668-BE54-9A1E7A4F7556}") = "2.4 ChatbotWithHistorySample", "ChatbotWithHistorySample\2.4 ChatbotWithHistorySample.csproj", "{22C9C484-A25B-4578-9336-FE9F9CC88676}"
EndProject
Project("{9A19103F-16F7-4668-BE54-9A1E7A4F7556}") = "x.1 ChatbotServiceSample (unfinished)", "ChatbotServiceSample\x.1 ChatbotServiceSample (unfinished).csproj", "{7CD5767C-1248-49E5-959D-7834D9AEA0E7}"
EndProject
Project("{9A19103F-16F7-4668-BE54-9A1E7A4F7556}") = "2.1 TextGenerationSample", "TextGenerationSample\2.1 TextGenerationSample.csproj", "{163EB510-02DE-480A-AF13-05A9E1BE619F}"
EndProject
Project("{9A19103F-16F7-4668-BE54-9A1E7A4F7556}") = "2.7 CopilotSample", "CopilotSample\2.7 CopilotSample.csproj", "{54DF6616-D8BB-407B-A01E-367C902D07EA}"
EndProject
Project("{9A19103F-16F7-4668-BE54-9A1E7A4F7556}") = "2.5 ChatbotWithSemanticFunctionSample", "ChatbotWithSemanticFunctionSample\2.5 ChatbotWithSemanticFunctionSample.csproj", "{4EA03596-CB9F-4E80-A4AD-5D39DE5E511F}"
EndProject
Project("{9A19103F-16F7-4668-BE54-9A1E7A4F7556}") = "2.8 ChatCompletionWithVisionSample (unfinished)", "ChatCompletionWithVisionSample\2.8 ChatCompletionWithVisionSample (unfinished).csproj", "{3C46C806-4920-46A8-8939-E45986349C52}"
EndProject
Project("{9A19103F-16F7-4668-BE54-9A1E7A4F7556}") = "2.1a TextGenerationWithKernelArgumentsSample", "TextGenerationWithKernelArgumentsSample\2.1a TextGenerationWithKernelArgumentsSample.csproj", "{E853D26B-A206-4466-AD49-D09A0CB7BAE4}"
EndProject
Project("{9A19103F-16F7-4668-BE54-9A1E7A4F7556}") = "2.6 ChatbotStreamingWithSemanticFunctionSample", "ChatbotStreamingWithSemanticFunctionSample\2.6 ChatbotStreamingWithSemanticFunctionSample.csproj", "{061144C5-59A4-4D00-86EF-B44342E6E947}"
EndProject
Project("{9A19103F-16F7-4668-BE54-9A1E7A4F7556}") = "3.1a KernelSample", "KernelSample\3.1a KernelSample.csproj", "{97DA2D60-F441-459D-8D86-B90CD129FEB6}"
EndProject
Project("{9A19103F-16F7-4668-BE54-9A1E7A4F7556}") = "1.1 FirstSample", "FirstSample\1.1 FirstSample.csproj", "{594B8CC0-7A7F-4407-886E-51EFBCC89C2E}"
EndProject
Project("{9A19103F-16F7-4668-BE54-9A1E7A4F7556}") = "4.3b KernelWithExecutionSettingsSample", "KernelWithExecutionSettingsSample\4.3b KernelWithExecutionSettingsSample.csproj", "{72168594-0551-4BDD-8C58-E43AF6E7BD58}"
EndProject
Project("{9A19103F-16F7-4668-BE54-9A1E7A4F7556}") = "4.5d KernelWithPromptyFunctionSample", "KernelWithPromptyFunctionSample\4.5d KernelWithPromptyFunctionSample.csproj", "{6B75C5B0-8BAF-4A40-A04A-976B5A559A6C}"
EndProject
Project("{9A19103F-16F7-4668-BE54-9A1E7A4F7556}") = "4.5a KernelWithPromptTemplateSample", "KernelWithPromptTemplateSample\4.5a KernelWithPromptTemplateSample.csproj", "{FBB41DDD-3B02-4C84-B65C-DE2ADA5A0E3E}"
EndProject
Project("{9A19103F-16F7-4668-BE54-9A1E7A4F7556}") = "4.2a KernelWithMessagesSample", "KernelWithMessagesSample\4.2a KernelWithMessagesSample.csproj", "{EBB7DFF4-2688-482B-A695-1C272375604B}"
EndProject
Project("{9A19103F-16F7-4668-BE54-9A1E7A4F7556}") = "4.5b KernelWithLiquidPromptTemplateSample", "KernelWithLiquidPromptTemplateSample\4.5b KernelWithLiquidPromptTemplateSample.csproj", "{4B977B12-7ADB-4547-BB33-2BF11F99BA5D}"
EndProject
Project("{9A19103F-16F7-4668-BE54-9A1E7A4F7556}") = "4.5c KernelWithHandlebarsPromptTemplateSample", "KernelWithHandlebarsPromptTemplateSample\4.5c KernelWithHandlebarsPromptTemplateSample.csproj", "{49B573B6-FC8D-4D26-8A24-47295CB63181}"
EndProject
Project("{9A19103F-16F7-4668-BE54-9A1E7A4F7556}") = "3.4a KernelWithAIServiceSelectorSample", "KernelWithAIServiceSelectorSample\3.4a KernelWithAIServiceSelectorSample.csproj", "{5C8F8F1D-348B-4FF5-8F8E-128F6776892A}"
EndProject
Project("{9A19103F-16F7-4668-BE54-9A1E7A4F7556}") = "3.1b KernelWithJsonResponseSample", "KernelWithJsonResponseSample\3.1b KernelWithJsonResponseSample.csproj", "{C69C1CBE-4B14-4F09-85DB-01F11D8493FD}"
EndProject
Project("{9A19103F-16F7-4668-BE54-9A1E7A4F7556}") = "4.3a KernelWithKernelArgumentsSample", "KernelWithKernelArgumentsSample\4.3a KernelWithKernelArgumentsSample.csproj", "{1C28B2DE-790A-4106-A628-962AD5077E18}"
EndProject
Project("{9A19103F-16F7-4668-BE54-9A1E7A4F7556}") = "5.1a KernelWithNativeFunctionsSample", "KernelWithNativeFunctionsSample\5.1a KernelWithNativeFunctionsSample.csproj", "{B4CFB6EB-44AC-4C35-AC71-8AD406D521B6}"
EndProject
Project("{9A19103F-16F7-4668-BE54-9A1E7A4F7556}") = "5.1b KernelWithSemanticFunctionsSample", "KernelWithSemanticFunctionsSample\5.1b KernelWithSemanticFunctionsSample.csproj", "{600B77BE-2149-40A6-BC34-BF0FAB9AA15A}"
EndProject
Project("{9A19103F-16F7-4668-BE54-9A1E7A4F7556}") = "3.1d KernelWithStreamingSample", "KernelWithStreamingSample\3.1d KernelWithStreamingSample.csproj", "{1837434A-3362-4CD9-8B8C-17373B2DEF50}"
EndProject
Project("{9A19103F-16F7-4668-BE54-9A1E7A4F7556}") = "3.1c KernelWithMultipleServicesSample", "KernelWithMultipleServicesSample\3.1c KernelWithMultipleServicesSample.csproj", "{92E85DC8-33D0-4416-80EF-4E282BC713D2}"
EndProject
Project("{9A19103F-16F7-4668-BE54-9A1E7A4F7556}") = "6.2b PluginsWithSemanticFunctionsSample", "PluginsWithSemanticFunctionsSample\6.2b PluginsWithSemanticFunctionsSample.csproj", "{D04147B7-CBA6-4822-952A-C09EAE9F47E4}"
EndProject
Project("{9A19103F-16F7-4668-BE54-9A1E7A4F7556}") = "6.2a PluginsWithNativeFunctionsSample", "PluginsWithNativeFunctionsSample\6.2a PluginsWithNativeFunctionsSample.csproj", "{B2D4EFAB-5787-4B21-B2DE-5C873EFB1413}"
EndProject
Project("{9A19103F-16F7-4668-BE54-9A1E7A4F7556}") = "6.2c PluginsWithHybridFunctionsSample", "PluginsWithHybridFunctionsSample\6.2c PluginsWithHybridFunctionsSample.csproj", "{BBC30A96-BFC2-4804-91C5-0B9642562AD9}"
EndProject
Project("{FAE04EC0-301F-11D3-BF4B-00C04F79EFBC}") = "6.2d PluginsWithOpenApiFunctionsSample", "PluginsWithOpenApiFunctionsSample\6.2d PluginsWithOpenApiFunctionsSample.csproj", "{D5AFB316-7A1A-4ED5-8505-D5965982274B}"
EndProject
Project("{FAE04EC0-301F-11D3-BF4B-00C04F79EFBC}") = "8.4 FunctionCallingWithBehavior", "FunctionCallingWithAutoBehavior\8.4 FunctionCallingWithBehavior.csproj", "{DDFF796B-FEA0-480C-8970-DDD5227EEE53}"
EndProject
Project("{FAE04EC0-301F-11D3-BF4B-00C04F79EFBC}") = "5.1e KernelWithSemanticFunctionsFromYamlSample", "KernelWithSemanticFunctionsFromYamlSample\5.1e KernelWithSemanticFunctionsFromYamlSample.csproj", "{4D681FC0-780D-4B08-ACA7-16ADDC64AD80}"
EndProject
Project("{FAE04EC0-301F-11D3-BF4B-00C04F79EFBC}") = "5.1d KernelWithSemanticFunctionsFromSkPromptSample", "KernelWithSemanticFunctionsFromSkPromptSample\5.1d KernelWithSemanticFunctionsFromSkPromptSample.csproj", "{B31E3EA3-1EAB-4F6B-9C49-4329328BC86E}"
EndProject
Project("{FAE04EC0-301F-11D3-BF4B-00C04F79EFBC}") = "5.1c KernelWithSemanticFunctionsFromPromptTemplateConfig", "KernelWithSemanticFunctionsFromPromptTemplateConfig\5.1c KernelWithSemanticFunctionsFromPromptTemplateConfig.csproj", "{493DEFFA-80F3-4DE2-93E3-BDAAD8E5FBDF}"
EndProject
Project("{FAE04EC0-301F-11D3-BF4B-00C04F79EFBC}") = "6.3a PluginsWithFunctionChaining", "PluginsWithFunctionChaining\6.3a PluginsWithFunctionChaining.csproj", "{D2A607CE-F2B5-4654-97DD-28C83E45D73C}"
EndProject
Project("{FAE04EC0-301F-11D3-BF4B-00C04F79EFBC}") = "6.3b PluginsWithFunctionNesting", "PluginsWithFunctionNesting\6.3b PluginsWithFunctionNesting.csproj", "{0589E014-EA07-4EED-BA07-E7BC359BDED5}"
EndProject
Project("{FAE04EC0-301F-11D3-BF4B-00C04F79EFBC}") = "6.5a PluginsTesting", "PluginsUnitTesting\6.5a PluginsTesting.csproj", "{346EBCEE-1B54-47AC-BAB5-CA02D2214F97}"
EndProject
Project("{FAE04EC0-301F-11D3-BF4B-00C04F79EFBC}") = "6.4a PluginsWithBuiltIn", "PluginsWithBuiltIn\6.4a PluginsWithBuiltIn.csproj", "{6DECD3F1-1762-4F51-9D7C-A4074062C59D}"
EndProject
Project("{FAE04EC0-301F-11D3-BF4B-00C04F79EFBC}") = "8.99 FunctionCallingWithMultiplePlugins", "FunctionCallingWithRequiredBehavior\8.99 FunctionCallingWithMultiplePlugins.csproj", "{DFDE88A9-8426-4657-BEE5-4243D3D0A2A3}"
EndProject
Project("{FAE04EC0-301F-11D3-BF4B-00C04F79EFBC}") = "7.3 FunctionCallingWithExplicitCalling", "FunctionCallingSample\7.3 FunctionCallingWithExplicitCalling.csproj", "{65C78EA0-3694-4353-80C5-2671177B3655}"
EndProject
Project("{FAE04EC0-301F-11D3-BF4B-00C04F79EFBC}") = "8.6 FunctionCallingWithBehaviorOptions", "FunctionCallingWithBehaviorOptionsSample\8.6 FunctionCallingWithBehaviorOptions.csproj", "{B7891D84-67D2-42DC-B4EE-A094BA12489A}"
EndProject
Project("{FAE04EC0-301F-11D3-BF4B-00C04F79EFBC}") = "8.5 FunctionCallingWithAutoInvoke", "FunctionCallingWithAutoInvoke\8.5 FunctionCallingWithAutoInvoke.csproj", "{F4B135D2-5AB1-40A4-997E-C5CD5647ADB1}"
EndProject
Project("{FAE04EC0-301F-11D3-BF4B-00C04F79EFBC}") = "Helpers", "Helper\Helpers.csproj", "{CED3E566-3073-4033-93EF-1A7BA45CBB1B}"
EndProject
Project("{FAE04EC0-301F-11D3-BF4B-00C04F79EFBC}") = "Plugins", "Plugins\Plugins.csproj", "{DC5BBCBC-FCED-4236-B5B0-1DB64BC4E8B0}"
EndProject
Project("{FAE04EC0-301F-11D3-BF4B-00C04F79EFBC}") = "9.2 FiltersArchitecture", "FiltersWithRetryFilter\9.2 FiltersArchitecture.csproj", "{2A6909B7-8BC1-4EFD-A040-0A94C235FE89}"
EndProject
Project("{FAE04EC0-301F-11D3-BF4B-00C04F79EFBC}") = "9.12 FiltersWithAutoFunctionInvocationFilter", "FiltersWithAutoFunctionInvocationFilter\9.12 FiltersWithAutoFunctionInvocationFilter.csproj", "{AB1EEE9B-1FB9-4ACA-A080-3A2996FE725B}"
EndProject
Project("{FAE04EC0-301F-11D3-BF4B-00C04F79EFBC}") = "9.10 FiltersWithPromptRenderFilter", "FiltersWithPromptRenderFilter\9.10 FiltersWithPromptRenderFilter.csproj", "{B8EDB5A5-E078-4668-9200-B11666D3C675}"
EndProject
Project("{FAE04EC0-301F-11D3-BF4B-00C04F79EFBC}") = "9.7 FiltersWithFunctionInvocationFilter", "FiltersArchitecture\9.7 FiltersWithFunctionInvocationFilter.csproj", "{D6DF09CC-F7C5-40CD-B4D2-C342040D7558}"
EndProject
Project("{FAE04EC0-301F-11D3-BF4B-00C04F79EFBC}") = "9.13 FiltersWithTelemetry", "FiltersWithTelemetry\9.13 FiltersWithTelemetry.csproj", "{E2D7048D-822F-40E4-AD6E-811A0F11CDAF}"
EndProject
Project("{FAE04EC0-301F-11D3-BF4B-00C04F79EFBC}") = "AspireServiceDefaults", "AspireServiceDefaults\AspireServiceDefaults.csproj", "{AC89B200-4626-4B85-B941-7CC96FA858D6}"
EndProject
Project("{FAE04EC0-301F-11D3-BF4B-00C04F79EFBC}") = "10.3 RAGWithInMemoryAndPdf", "RAGWithVolatile\10.3 RAGWithInMemoryAndPdf.csproj", "{6B67EE05-1B83-4144-AC2E-B43EE3C0B1B9}"
EndProject
Project("{FAE04EC0-301F-11D3-BF4B-00C04F79EFBC}") = "10.2 RAGWithInMemory", "RAGWithInMemory\10.2 RAGWithInMemory.csproj", "{057E091D-B23D-417E-BD79-D37BBDDD4254}"
EndProject
Project("{FAE04EC0-301F-11D3-BF4B-00C04F79EFBC}") = "10.1 RAGWithBing", "RAGWithInMemoryAndBing\10.1 RAGWithBing.csproj", "{4EBFFAA6-9096-4768-ADDA-821CF6A79245}"
EndProject
Project("{FAE04EC0-301F-11D3-BF4B-00C04F79EFBC}") = "10.4 RAGWithInMemoryAndFunctionCalling", "RAGWithInMemoryAndFunctionCalling\10.4 RAGWithInMemoryAndFunctionCalling.csproj", "{A2524F9B-967F-4506-B012-4206B18A8A78}"
EndProject
Project("{FAE04EC0-301F-11D3-BF4B-00C04F79EFBC}") = "10.5 RAGWithPlugin", "RAGWithPlugin\10.5 RAGWithPlugin.csproj", "{6BE71EAB-4D22-4CFA-92C1-1ADA33F89BC6}"
EndProject
Global
	GlobalSection(SolutionConfigurationPlatforms) = preSolution
		Debug|Any CPU = Debug|Any CPU
		Release|Any CPU = Release|Any CPU
	EndGlobalSection
	GlobalSection(ProjectConfigurationPlatforms) = postSolution
		{36A96B86-8807-4BA8-8483-1B32B482DFC4}.Debug|Any CPU.ActiveCfg = Debug|Any CPU
		{36A96B86-8807-4BA8-8483-1B32B482DFC4}.Debug|Any CPU.Build.0 = Debug|Any CPU
		{36A96B86-8807-4BA8-8483-1B32B482DFC4}.Release|Any CPU.ActiveCfg = Release|Any CPU
		{36A96B86-8807-4BA8-8483-1B32B482DFC4}.Release|Any CPU.Build.0 = Release|Any CPU
		{A549FD16-40B2-4D5D-9F6E-D10BC85DFA82}.Debug|Any CPU.ActiveCfg = Debug|Any CPU
		{A549FD16-40B2-4D5D-9F6E-D10BC85DFA82}.Debug|Any CPU.Build.0 = Debug|Any CPU
		{A549FD16-40B2-4D5D-9F6E-D10BC85DFA82}.Release|Any CPU.ActiveCfg = Release|Any CPU
		{A549FD16-40B2-4D5D-9F6E-D10BC85DFA82}.Release|Any CPU.Build.0 = Release|Any CPU
		{22C9C484-A25B-4578-9336-FE9F9CC88676}.Debug|Any CPU.ActiveCfg = Debug|Any CPU
		{22C9C484-A25B-4578-9336-FE9F9CC88676}.Debug|Any CPU.Build.0 = Debug|Any CPU
		{22C9C484-A25B-4578-9336-FE9F9CC88676}.Release|Any CPU.ActiveCfg = Release|Any CPU
		{22C9C484-A25B-4578-9336-FE9F9CC88676}.Release|Any CPU.Build.0 = Release|Any CPU
		{7CD5767C-1248-49E5-959D-7834D9AEA0E7}.Debug|Any CPU.ActiveCfg = Debug|Any CPU
		{7CD5767C-1248-49E5-959D-7834D9AEA0E7}.Debug|Any CPU.Build.0 = Debug|Any CPU
		{7CD5767C-1248-49E5-959D-7834D9AEA0E7}.Release|Any CPU.ActiveCfg = Release|Any CPU
		{7CD5767C-1248-49E5-959D-7834D9AEA0E7}.Release|Any CPU.Build.0 = Release|Any CPU
		{163EB510-02DE-480A-AF13-05A9E1BE619F}.Debug|Any CPU.ActiveCfg = Debug|Any CPU
		{163EB510-02DE-480A-AF13-05A9E1BE619F}.Debug|Any CPU.Build.0 = Debug|Any CPU
		{163EB510-02DE-480A-AF13-05A9E1BE619F}.Release|Any CPU.ActiveCfg = Release|Any CPU
		{163EB510-02DE-480A-AF13-05A9E1BE619F}.Release|Any CPU.Build.0 = Release|Any CPU
		{54DF6616-D8BB-407B-A01E-367C902D07EA}.Debug|Any CPU.ActiveCfg = Debug|Any CPU
		{54DF6616-D8BB-407B-A01E-367C902D07EA}.Debug|Any CPU.Build.0 = Debug|Any CPU
		{54DF6616-D8BB-407B-A01E-367C902D07EA}.Release|Any CPU.ActiveCfg = Release|Any CPU
		{54DF6616-D8BB-407B-A01E-367C902D07EA}.Release|Any CPU.Build.0 = Release|Any CPU
		{4EA03596-CB9F-4E80-A4AD-5D39DE5E511F}.Debug|Any CPU.ActiveCfg = Debug|Any CPU
		{4EA03596-CB9F-4E80-A4AD-5D39DE5E511F}.Debug|Any CPU.Build.0 = Debug|Any CPU
		{4EA03596-CB9F-4E80-A4AD-5D39DE5E511F}.Release|Any CPU.ActiveCfg = Release|Any CPU
		{4EA03596-CB9F-4E80-A4AD-5D39DE5E511F}.Release|Any CPU.Build.0 = Release|Any CPU
		{3C46C806-4920-46A8-8939-E45986349C52}.Debug|Any CPU.ActiveCfg = Debug|Any CPU
		{3C46C806-4920-46A8-8939-E45986349C52}.Debug|Any CPU.Build.0 = Debug|Any CPU
		{3C46C806-4920-46A8-8939-E45986349C52}.Release|Any CPU.ActiveCfg = Release|Any CPU
		{3C46C806-4920-46A8-8939-E45986349C52}.Release|Any CPU.Build.0 = Release|Any CPU
		{E853D26B-A206-4466-AD49-D09A0CB7BAE4}.Debug|Any CPU.ActiveCfg = Debug|Any CPU
		{E853D26B-A206-4466-AD49-D09A0CB7BAE4}.Debug|Any CPU.Build.0 = Debug|Any CPU
		{E853D26B-A206-4466-AD49-D09A0CB7BAE4}.Release|Any CPU.ActiveCfg = Release|Any CPU
		{E853D26B-A206-4466-AD49-D09A0CB7BAE4}.Release|Any CPU.Build.0 = Release|Any CPU
		{061144C5-59A4-4D00-86EF-B44342E6E947}.Debug|Any CPU.ActiveCfg = Debug|Any CPU
		{061144C5-59A4-4D00-86EF-B44342E6E947}.Debug|Any CPU.Build.0 = Debug|Any CPU
		{061144C5-59A4-4D00-86EF-B44342E6E947}.Release|Any CPU.ActiveCfg = Release|Any CPU
		{061144C5-59A4-4D00-86EF-B44342E6E947}.Release|Any CPU.Build.0 = Release|Any CPU
		{97DA2D60-F441-459D-8D86-B90CD129FEB6}.Debug|Any CPU.ActiveCfg = Debug|Any CPU
		{97DA2D60-F441-459D-8D86-B90CD129FEB6}.Debug|Any CPU.Build.0 = Debug|Any CPU
		{97DA2D60-F441-459D-8D86-B90CD129FEB6}.Release|Any CPU.ActiveCfg = Release|Any CPU
		{97DA2D60-F441-459D-8D86-B90CD129FEB6}.Release|Any CPU.Build.0 = Release|Any CPU
		{594B8CC0-7A7F-4407-886E-51EFBCC89C2E}.Debug|Any CPU.ActiveCfg = Debug|Any CPU
		{594B8CC0-7A7F-4407-886E-51EFBCC89C2E}.Debug|Any CPU.Build.0 = Debug|Any CPU
		{594B8CC0-7A7F-4407-886E-51EFBCC89C2E}.Release|Any CPU.ActiveCfg = Release|Any CPU
		{594B8CC0-7A7F-4407-886E-51EFBCC89C2E}.Release|Any CPU.Build.0 = Release|Any CPU
		{72168594-0551-4BDD-8C58-E43AF6E7BD58}.Debug|Any CPU.ActiveCfg = Debug|Any CPU
		{72168594-0551-4BDD-8C58-E43AF6E7BD58}.Debug|Any CPU.Build.0 = Debug|Any CPU
		{72168594-0551-4BDD-8C58-E43AF6E7BD58}.Release|Any CPU.ActiveCfg = Release|Any CPU
		{72168594-0551-4BDD-8C58-E43AF6E7BD58}.Release|Any CPU.Build.0 = Release|Any CPU
		{6B75C5B0-8BAF-4A40-A04A-976B5A559A6C}.Debug|Any CPU.ActiveCfg = Debug|Any CPU
		{6B75C5B0-8BAF-4A40-A04A-976B5A559A6C}.Debug|Any CPU.Build.0 = Debug|Any CPU
		{6B75C5B0-8BAF-4A40-A04A-976B5A559A6C}.Release|Any CPU.ActiveCfg = Release|Any CPU
		{6B75C5B0-8BAF-4A40-A04A-976B5A559A6C}.Release|Any CPU.Build.0 = Release|Any CPU
		{FBB41DDD-3B02-4C84-B65C-DE2ADA5A0E3E}.Debug|Any CPU.ActiveCfg = Debug|Any CPU
		{FBB41DDD-3B02-4C84-B65C-DE2ADA5A0E3E}.Debug|Any CPU.Build.0 = Debug|Any CPU
		{FBB41DDD-3B02-4C84-B65C-DE2ADA5A0E3E}.Release|Any CPU.ActiveCfg = Release|Any CPU
		{FBB41DDD-3B02-4C84-B65C-DE2ADA5A0E3E}.Release|Any CPU.Build.0 = Release|Any CPU
		{EBB7DFF4-2688-482B-A695-1C272375604B}.Debug|Any CPU.ActiveCfg = Debug|Any CPU
		{EBB7DFF4-2688-482B-A695-1C272375604B}.Debug|Any CPU.Build.0 = Debug|Any CPU
		{EBB7DFF4-2688-482B-A695-1C272375604B}.Release|Any CPU.ActiveCfg = Release|Any CPU
		{EBB7DFF4-2688-482B-A695-1C272375604B}.Release|Any CPU.Build.0 = Release|Any CPU
		{4B977B12-7ADB-4547-BB33-2BF11F99BA5D}.Debug|Any CPU.ActiveCfg = Debug|Any CPU
		{4B977B12-7ADB-4547-BB33-2BF11F99BA5D}.Debug|Any CPU.Build.0 = Debug|Any CPU
		{4B977B12-7ADB-4547-BB33-2BF11F99BA5D}.Release|Any CPU.ActiveCfg = Release|Any CPU
		{4B977B12-7ADB-4547-BB33-2BF11F99BA5D}.Release|Any CPU.Build.0 = Release|Any CPU
		{49B573B6-FC8D-4D26-8A24-47295CB63181}.Debug|Any CPU.ActiveCfg = Debug|Any CPU
		{49B573B6-FC8D-4D26-8A24-47295CB63181}.Debug|Any CPU.Build.0 = Debug|Any CPU
		{49B573B6-FC8D-4D26-8A24-47295CB63181}.Release|Any CPU.ActiveCfg = Release|Any CPU
		{49B573B6-FC8D-4D26-8A24-47295CB63181}.Release|Any CPU.Build.0 = Release|Any CPU
		{5C8F8F1D-348B-4FF5-8F8E-128F6776892A}.Debug|Any CPU.ActiveCfg = Debug|Any CPU
		{5C8F8F1D-348B-4FF5-8F8E-128F6776892A}.Debug|Any CPU.Build.0 = Debug|Any CPU
		{5C8F8F1D-348B-4FF5-8F8E-128F6776892A}.Release|Any CPU.ActiveCfg = Release|Any CPU
		{5C8F8F1D-348B-4FF5-8F8E-128F6776892A}.Release|Any CPU.Build.0 = Release|Any CPU
		{C69C1CBE-4B14-4F09-85DB-01F11D8493FD}.Debug|Any CPU.ActiveCfg = Debug|Any CPU
		{C69C1CBE-4B14-4F09-85DB-01F11D8493FD}.Debug|Any CPU.Build.0 = Debug|Any CPU
		{C69C1CBE-4B14-4F09-85DB-01F11D8493FD}.Release|Any CPU.ActiveCfg = Release|Any CPU
		{C69C1CBE-4B14-4F09-85DB-01F11D8493FD}.Release|Any CPU.Build.0 = Release|Any CPU
		{1C28B2DE-790A-4106-A628-962AD5077E18}.Debug|Any CPU.ActiveCfg = Debug|Any CPU
		{1C28B2DE-790A-4106-A628-962AD5077E18}.Debug|Any CPU.Build.0 = Debug|Any CPU
		{1C28B2DE-790A-4106-A628-962AD5077E18}.Release|Any CPU.ActiveCfg = Release|Any CPU
		{1C28B2DE-790A-4106-A628-962AD5077E18}.Release|Any CPU.Build.0 = Release|Any CPU
		{B4CFB6EB-44AC-4C35-AC71-8AD406D521B6}.Debug|Any CPU.ActiveCfg = Debug|Any CPU
		{B4CFB6EB-44AC-4C35-AC71-8AD406D521B6}.Debug|Any CPU.Build.0 = Debug|Any CPU
		{B4CFB6EB-44AC-4C35-AC71-8AD406D521B6}.Release|Any CPU.ActiveCfg = Release|Any CPU
		{B4CFB6EB-44AC-4C35-AC71-8AD406D521B6}.Release|Any CPU.Build.0 = Release|Any CPU
		{600B77BE-2149-40A6-BC34-BF0FAB9AA15A}.Debug|Any CPU.ActiveCfg = Debug|Any CPU
		{600B77BE-2149-40A6-BC34-BF0FAB9AA15A}.Debug|Any CPU.Build.0 = Debug|Any CPU
		{600B77BE-2149-40A6-BC34-BF0FAB9AA15A}.Release|Any CPU.ActiveCfg = Release|Any CPU
		{600B77BE-2149-40A6-BC34-BF0FAB9AA15A}.Release|Any CPU.Build.0 = Release|Any CPU
		{1837434A-3362-4CD9-8B8C-17373B2DEF50}.Debug|Any CPU.ActiveCfg = Debug|Any CPU
		{1837434A-3362-4CD9-8B8C-17373B2DEF50}.Debug|Any CPU.Build.0 = Debug|Any CPU
		{1837434A-3362-4CD9-8B8C-17373B2DEF50}.Release|Any CPU.ActiveCfg = Release|Any CPU
		{1837434A-3362-4CD9-8B8C-17373B2DEF50}.Release|Any CPU.Build.0 = Release|Any CPU
		{92E85DC8-33D0-4416-80EF-4E282BC713D2}.Debug|Any CPU.ActiveCfg = Debug|Any CPU
		{92E85DC8-33D0-4416-80EF-4E282BC713D2}.Debug|Any CPU.Build.0 = Debug|Any CPU
		{92E85DC8-33D0-4416-80EF-4E282BC713D2}.Release|Any CPU.ActiveCfg = Release|Any CPU
		{92E85DC8-33D0-4416-80EF-4E282BC713D2}.Release|Any CPU.Build.0 = Release|Any CPU
		{D04147B7-CBA6-4822-952A-C09EAE9F47E4}.Debug|Any CPU.ActiveCfg = Debug|Any CPU
		{D04147B7-CBA6-4822-952A-C09EAE9F47E4}.Debug|Any CPU.Build.0 = Debug|Any CPU
		{D04147B7-CBA6-4822-952A-C09EAE9F47E4}.Release|Any CPU.ActiveCfg = Release|Any CPU
		{D04147B7-CBA6-4822-952A-C09EAE9F47E4}.Release|Any CPU.Build.0 = Release|Any CPU
		{B2D4EFAB-5787-4B21-B2DE-5C873EFB1413}.Debug|Any CPU.ActiveCfg = Debug|Any CPU
		{B2D4EFAB-5787-4B21-B2DE-5C873EFB1413}.Debug|Any CPU.Build.0 = Debug|Any CPU
		{B2D4EFAB-5787-4B21-B2DE-5C873EFB1413}.Release|Any CPU.ActiveCfg = Release|Any CPU
		{B2D4EFAB-5787-4B21-B2DE-5C873EFB1413}.Release|Any CPU.Build.0 = Release|Any CPU
		{BBC30A96-BFC2-4804-91C5-0B9642562AD9}.Debug|Any CPU.ActiveCfg = Debug|Any CPU
		{BBC30A96-BFC2-4804-91C5-0B9642562AD9}.Debug|Any CPU.Build.0 = Debug|Any CPU
		{BBC30A96-BFC2-4804-91C5-0B9642562AD9}.Release|Any CPU.ActiveCfg = Release|Any CPU
		{BBC30A96-BFC2-4804-91C5-0B9642562AD9}.Release|Any CPU.Build.0 = Release|Any CPU
		{D5AFB316-7A1A-4ED5-8505-D5965982274B}.Debug|Any CPU.ActiveCfg = Debug|Any CPU
		{D5AFB316-7A1A-4ED5-8505-D5965982274B}.Debug|Any CPU.Build.0 = Debug|Any CPU
		{D5AFB316-7A1A-4ED5-8505-D5965982274B}.Release|Any CPU.ActiveCfg = Release|Any CPU
		{D5AFB316-7A1A-4ED5-8505-D5965982274B}.Release|Any CPU.Build.0 = Release|Any CPU
		{DDFF796B-FEA0-480C-8970-DDD5227EEE53}.Debug|Any CPU.ActiveCfg = Debug|Any CPU
		{DDFF796B-FEA0-480C-8970-DDD5227EEE53}.Debug|Any CPU.Build.0 = Debug|Any CPU
		{DDFF796B-FEA0-480C-8970-DDD5227EEE53}.Release|Any CPU.ActiveCfg = Release|Any CPU
		{DDFF796B-FEA0-480C-8970-DDD5227EEE53}.Release|Any CPU.Build.0 = Release|Any CPU
		{4D681FC0-780D-4B08-ACA7-16ADDC64AD80}.Debug|Any CPU.ActiveCfg = Debug|Any CPU
		{4D681FC0-780D-4B08-ACA7-16ADDC64AD80}.Debug|Any CPU.Build.0 = Debug|Any CPU
		{4D681FC0-780D-4B08-ACA7-16ADDC64AD80}.Release|Any CPU.ActiveCfg = Release|Any CPU
		{4D681FC0-780D-4B08-ACA7-16ADDC64AD80}.Release|Any CPU.Build.0 = Release|Any CPU
		{B31E3EA3-1EAB-4F6B-9C49-4329328BC86E}.Debug|Any CPU.ActiveCfg = Debug|Any CPU
		{B31E3EA3-1EAB-4F6B-9C49-4329328BC86E}.Debug|Any CPU.Build.0 = Debug|Any CPU
		{B31E3EA3-1EAB-4F6B-9C49-4329328BC86E}.Release|Any CPU.ActiveCfg = Release|Any CPU
		{B31E3EA3-1EAB-4F6B-9C49-4329328BC86E}.Release|Any CPU.Build.0 = Release|Any CPU
		{493DEFFA-80F3-4DE2-93E3-BDAAD8E5FBDF}.Debug|Any CPU.ActiveCfg = Debug|Any CPU
		{493DEFFA-80F3-4DE2-93E3-BDAAD8E5FBDF}.Debug|Any CPU.Build.0 = Debug|Any CPU
		{493DEFFA-80F3-4DE2-93E3-BDAAD8E5FBDF}.Release|Any CPU.ActiveCfg = Release|Any CPU
		{493DEFFA-80F3-4DE2-93E3-BDAAD8E5FBDF}.Release|Any CPU.Build.0 = Release|Any CPU
		{D2A607CE-F2B5-4654-97DD-28C83E45D73C}.Debug|Any CPU.ActiveCfg = Debug|Any CPU
		{D2A607CE-F2B5-4654-97DD-28C83E45D73C}.Debug|Any CPU.Build.0 = Debug|Any CPU
		{D2A607CE-F2B5-4654-97DD-28C83E45D73C}.Release|Any CPU.ActiveCfg = Release|Any CPU
		{D2A607CE-F2B5-4654-97DD-28C83E45D73C}.Release|Any CPU.Build.0 = Release|Any CPU
		{0589E014-EA07-4EED-BA07-E7BC359BDED5}.Debug|Any CPU.ActiveCfg = Debug|Any CPU
		{0589E014-EA07-4EED-BA07-E7BC359BDED5}.Debug|Any CPU.Build.0 = Debug|Any CPU
		{0589E014-EA07-4EED-BA07-E7BC359BDED5}.Release|Any CPU.ActiveCfg = Release|Any CPU
		{0589E014-EA07-4EED-BA07-E7BC359BDED5}.Release|Any CPU.Build.0 = Release|Any CPU
		{346EBCEE-1B54-47AC-BAB5-CA02D2214F97}.Debug|Any CPU.ActiveCfg = Debug|Any CPU
		{346EBCEE-1B54-47AC-BAB5-CA02D2214F97}.Debug|Any CPU.Build.0 = Debug|Any CPU
		{346EBCEE-1B54-47AC-BAB5-CA02D2214F97}.Release|Any CPU.ActiveCfg = Release|Any CPU
		{346EBCEE-1B54-47AC-BAB5-CA02D2214F97}.Release|Any CPU.Build.0 = Release|Any CPU
		{6DECD3F1-1762-4F51-9D7C-A4074062C59D}.Debug|Any CPU.ActiveCfg = Debug|Any CPU
		{6DECD3F1-1762-4F51-9D7C-A4074062C59D}.Debug|Any CPU.Build.0 = Debug|Any CPU
		{6DECD3F1-1762-4F51-9D7C-A4074062C59D}.Release|Any CPU.ActiveCfg = Release|Any CPU
		{6DECD3F1-1762-4F51-9D7C-A4074062C59D}.Release|Any CPU.Build.0 = Release|Any CPU
		{DFDE88A9-8426-4657-BEE5-4243D3D0A2A3}.Debug|Any CPU.ActiveCfg = Debug|Any CPU
		{DFDE88A9-8426-4657-BEE5-4243D3D0A2A3}.Debug|Any CPU.Build.0 = Debug|Any CPU
		{DFDE88A9-8426-4657-BEE5-4243D3D0A2A3}.Release|Any CPU.ActiveCfg = Release|Any CPU
		{DFDE88A9-8426-4657-BEE5-4243D3D0A2A3}.Release|Any CPU.Build.0 = Release|Any CPU
		{65C78EA0-3694-4353-80C5-2671177B3655}.Debug|Any CPU.ActiveCfg = Debug|Any CPU
		{65C78EA0-3694-4353-80C5-2671177B3655}.Debug|Any CPU.Build.0 = Debug|Any CPU
		{65C78EA0-3694-4353-80C5-2671177B3655}.Release|Any CPU.ActiveCfg = Release|Any CPU
		{65C78EA0-3694-4353-80C5-2671177B3655}.Release|Any CPU.Build.0 = Release|Any CPU
		{B7891D84-67D2-42DC-B4EE-A094BA12489A}.Debug|Any CPU.ActiveCfg = Debug|Any CPU
		{B7891D84-67D2-42DC-B4EE-A094BA12489A}.Debug|Any CPU.Build.0 = Debug|Any CPU
		{B7891D84-67D2-42DC-B4EE-A094BA12489A}.Release|Any CPU.ActiveCfg = Release|Any CPU
		{B7891D84-67D2-42DC-B4EE-A094BA12489A}.Release|Any CPU.Build.0 = Release|Any CPU
		{F4B135D2-5AB1-40A4-997E-C5CD5647ADB1}.Debug|Any CPU.ActiveCfg = Debug|Any CPU
		{F4B135D2-5AB1-40A4-997E-C5CD5647ADB1}.Debug|Any CPU.Build.0 = Debug|Any CPU
		{F4B135D2-5AB1-40A4-997E-C5CD5647ADB1}.Release|Any CPU.ActiveCfg = Release|Any CPU
		{F4B135D2-5AB1-40A4-997E-C5CD5647ADB1}.Release|Any CPU.Build.0 = Release|Any CPU
		{CED3E566-3073-4033-93EF-1A7BA45CBB1B}.Debug|Any CPU.ActiveCfg = Debug|Any CPU
		{CED3E566-3073-4033-93EF-1A7BA45CBB1B}.Debug|Any CPU.Build.0 = Debug|Any CPU
		{CED3E566-3073-4033-93EF-1A7BA45CBB1B}.Release|Any CPU.ActiveCfg = Release|Any CPU
		{CED3E566-3073-4033-93EF-1A7BA45CBB1B}.Release|Any CPU.Build.0 = Release|Any CPU
		{DC5BBCBC-FCED-4236-B5B0-1DB64BC4E8B0}.Debug|Any CPU.ActiveCfg = Debug|Any CPU
		{DC5BBCBC-FCED-4236-B5B0-1DB64BC4E8B0}.Debug|Any CPU.Build.0 = Debug|Any CPU
		{DC5BBCBC-FCED-4236-B5B0-1DB64BC4E8B0}.Release|Any CPU.ActiveCfg = Release|Any CPU
		{DC5BBCBC-FCED-4236-B5B0-1DB64BC4E8B0}.Release|Any CPU.Build.0 = Release|Any CPU
		{2A6909B7-8BC1-4EFD-A040-0A94C235FE89}.Debug|Any CPU.ActiveCfg = Debug|Any CPU
		{2A6909B7-8BC1-4EFD-A040-0A94C235FE89}.Debug|Any CPU.Build.0 = Debug|Any CPU
		{2A6909B7-8BC1-4EFD-A040-0A94C235FE89}.Release|Any CPU.ActiveCfg = Release|Any CPU
		{2A6909B7-8BC1-4EFD-A040-0A94C235FE89}.Release|Any CPU.Build.0 = Release|Any CPU
		{AB1EEE9B-1FB9-4ACA-A080-3A2996FE725B}.Debug|Any CPU.ActiveCfg = Debug|Any CPU
		{AB1EEE9B-1FB9-4ACA-A080-3A2996FE725B}.Debug|Any CPU.Build.0 = Debug|Any CPU
		{AB1EEE9B-1FB9-4ACA-A080-3A2996FE725B}.Release|Any CPU.ActiveCfg = Release|Any CPU
		{AB1EEE9B-1FB9-4ACA-A080-3A2996FE725B}.Release|Any CPU.Build.0 = Release|Any CPU
		{B8EDB5A5-E078-4668-9200-B11666D3C675}.Debug|Any CPU.ActiveCfg = Debug|Any CPU
		{B8EDB5A5-E078-4668-9200-B11666D3C675}.Debug|Any CPU.Build.0 = Debug|Any CPU
		{B8EDB5A5-E078-4668-9200-B11666D3C675}.Release|Any CPU.ActiveCfg = Release|Any CPU
		{B8EDB5A5-E078-4668-9200-B11666D3C675}.Release|Any CPU.Build.0 = Release|Any CPU
		{D6DF09CC-F7C5-40CD-B4D2-C342040D7558}.Debug|Any CPU.ActiveCfg = Debug|Any CPU
		{D6DF09CC-F7C5-40CD-B4D2-C342040D7558}.Debug|Any CPU.Build.0 = Debug|Any CPU
		{D6DF09CC-F7C5-40CD-B4D2-C342040D7558}.Release|Any CPU.ActiveCfg = Release|Any CPU
		{D6DF09CC-F7C5-40CD-B4D2-C342040D7558}.Release|Any CPU.Build.0 = Release|Any CPU
		{E2D7048D-822F-40E4-AD6E-811A0F11CDAF}.Debug|Any CPU.ActiveCfg = Debug|Any CPU
		{E2D7048D-822F-40E4-AD6E-811A0F11CDAF}.Debug|Any CPU.Build.0 = Debug|Any CPU
		{E2D7048D-822F-40E4-AD6E-811A0F11CDAF}.Release|Any CPU.ActiveCfg = Release|Any CPU
		{E2D7048D-822F-40E4-AD6E-811A0F11CDAF}.Release|Any CPU.Build.0 = Release|Any CPU
		{AC89B200-4626-4B85-B941-7CC96FA858D6}.Debug|Any CPU.ActiveCfg = Debug|Any CPU
		{AC89B200-4626-4B85-B941-7CC96FA858D6}.Debug|Any CPU.Build.0 = Debug|Any CPU
		{AC89B200-4626-4B85-B941-7CC96FA858D6}.Release|Any CPU.ActiveCfg = Release|Any CPU
		{AC89B200-4626-4B85-B941-7CC96FA858D6}.Release|Any CPU.Build.0 = Release|Any CPU
		{6B67EE05-1B83-4144-AC2E-B43EE3C0B1B9}.Debug|Any CPU.ActiveCfg = Debug|Any CPU
		{6B67EE05-1B83-4144-AC2E-B43EE3C0B1B9}.Debug|Any CPU.Build.0 = Debug|Any CPU
		{6B67EE05-1B83-4144-AC2E-B43EE3C0B1B9}.Release|Any CPU.ActiveCfg = Release|Any CPU
		{6B67EE05-1B83-4144-AC2E-B43EE3C0B1B9}.Release|Any CPU.Build.0 = Release|Any CPU
		{057E091D-B23D-417E-BD79-D37BBDDD4254}.Debug|Any CPU.ActiveCfg = Debug|Any CPU
		{057E091D-B23D-417E-BD79-D37BBDDD4254}.Debug|Any CPU.Build.0 = Debug|Any CPU
		{057E091D-B23D-417E-BD79-D37BBDDD4254}.Release|Any CPU.ActiveCfg = Release|Any CPU
		{057E091D-B23D-417E-BD79-D37BBDDD4254}.Release|Any CPU.Build.0 = Release|Any CPU
		{4EBFFAA6-9096-4768-ADDA-821CF6A79245}.Debug|Any CPU.ActiveCfg = Debug|Any CPU
		{4EBFFAA6-9096-4768-ADDA-821CF6A79245}.Debug|Any CPU.Build.0 = Debug|Any CPU
		{4EBFFAA6-9096-4768-ADDA-821CF6A79245}.Release|Any CPU.ActiveCfg = Release|Any CPU
		{4EBFFAA6-9096-4768-ADDA-821CF6A79245}.Release|Any CPU.Build.0 = Release|Any CPU
		{A2524F9B-967F-4506-B012-4206B18A8A78}.Debug|Any CPU.ActiveCfg = Debug|Any CPU
		{A2524F9B-967F-4506-B012-4206B18A8A78}.Debug|Any CPU.Build.0 = Debug|Any CPU
		{A2524F9B-967F-4506-B012-4206B18A8A78}.Release|Any CPU.ActiveCfg = Release|Any CPU
		{A2524F9B-967F-4506-B012-4206B18A8A78}.Release|Any CPU.Build.0 = Release|Any CPU
		{6BE71EAB-4D22-4CFA-92C1-1ADA33F89BC6}.Debug|Any CPU.ActiveCfg = Debug|Any CPU
		{6BE71EAB-4D22-4CFA-92C1-1ADA33F89BC6}.Debug|Any CPU.Build.0 = Debug|Any CPU
		{6BE71EAB-4D22-4CFA-92C1-1ADA33F89BC6}.Release|Any CPU.ActiveCfg = Release|Any CPU
		{6BE71EAB-4D22-4CFA-92C1-1ADA33F89BC6}.Release|Any CPU.Build.0 = Release|Any CPU
	EndGlobalSection
	GlobalSection(SolutionProperties) = preSolution
		HideSolutionNode = FALSE
	EndGlobalSection
	GlobalSection(ExtensibilityGlobals) = postSolution
		SolutionGuid = {217BEC45-ECC2-4E4F-9D62-2EFB34182927}
	EndGlobalSection
EndGlobal
