<Solution>
  <Folder Name="/01. Generative AI/">
    <Project Path="FirstSample/1.1 FirstSample.csproj" />
  </Folder>
  <Folder Name="/02. First Project/">
    <Project Path="Chatbot/2.3 Chatbot.csproj" />
    <Project Path="ChatbotStreamingWithSemanticFunction/2.6 ChatbotStreamingWithSemanticFunction.csproj" />
    <Project Path="ChatbotWithHistory/2.4 ChatbotWithHistory.csproj" />
    <Project Path="ChatbotWithSemanticFunction/2.5 ChatbotWithSemanticFunction.csproj" />
    <Project Path="ChatCompletion/2.2 ChatCompletion.csproj" />
    <Project Path="Copilot/2.7 Copilot.csproj" />
    <Project Path="TextGeneration/2.1 TextGeneration.csproj" />
    <Project Path="TextGenerationWithKernelArguments/2.1a TextGenerationWithKernelArguments.csproj" />
  </Folder>
  <Folder Name="/03. Kernel/">
    <Project Path="Kernel/3.1a Kernel.csproj" />
    <Project Path="KernelWithAIServiceSelector/3.4a KernelWithAIServiceSelector.csproj" />
    <Project Path="KernelWithJsonResponse/3.1b KernelWithJsonResponse.csproj" />
    <Project Path="KernelWithMultipleServices/3.1c KernelWithMultipleServices.csproj" />
    <Project Path="KernelWithStreaming/3.1d KernelWithStreaming.csproj" />
  </Folder>
  <Folder Name="/04. Chat Completion/">
    <Project Path="KernelWithExecutionSettings/4.3b KernelWithExecutionSettings.csproj" />
    <Project Path="KernelWithHandlebarsPromptTemplate/4.5c KernelWithHandlebarsPromptTemplate.csproj" />
    <Project Path="KernelWithKernelArguments/4.3a KernelWithKernelArguments.csproj" />
    <Project Path="KernelWithLiquidPromptTemplate/4.5b KernelWithLiquidPromptTemplate.csproj" />
    <Project Path="KernelWithMessages/4.2a KernelWithMessages.csproj" />
    <Project Path="KernelWithPromptTemplate/4.5a KernelWithPromptTemplate.csproj" />
    <Project Path="KernelWithPromptyFunction/4.5d KernelWithPromptyFunction.csproj" />
  </Folder>
  <Folder Name="/05. Functions/">
    <Project Path="KernelWithNativeFunctions/5.1a KernelWithNativeFunctions.csproj" />
    <Project Path="KernelWithSemanticFunctions/5.1b KernelWithSemanticFunctions.csproj" />
    <Project Path="KernelWithSemanticFunctionsFromPrompt/5.1d KernelWithSemanticFunctionsFromPrompt.csproj" />
    <Project Path="KernelWithSemanticFunctionsFromPromptTemplateConfig/5.1c KernelWithSemanticFunctionsFromPromptTemplateConfig.csproj" />
    <Project Path="KernelWithSemanticFunctionsFromYaml/5.1e KernelWithSemanticFunctionsFromYaml.csproj" />
  </Folder>
  <Folder Name="/06. Plugins/">
    <Project Path="PluginsTesting/6.5 PluginsTesting.csproj" />
    <Project Path="PluginsWithBuiltIn/6.4a PluginsWithBuiltIn.csproj" />
    <Project Path="PluginsWithFunctionChaining/6.3a PluginsWithFunctionChaining.csproj" />
    <Project Path="PluginsWithFunctionNesting/6.3b PluginsWithFunctionNesting.csproj" />
    <Project Path="PluginsWithHybridFunctions/6.2c PluginsWithHybridFunctions.csproj" />
    <Project Path="PluginsWithNativeFunctions/6.2a PluginsWithNativeFunctions.csproj" />
    <Project Path="PluginsWithOpenApiFunctions/6.2d PluginsWithOpenApiFunctions.csproj" />
    <Project Path="PluginsWithSemanticFunctions/6.2b PluginsWithSemanticFunctions.csproj" />
  </Folder>
  <Folder Name="/07. Function Calling (Explicit Calling)/">
    <Project Path="FunctionCallingWithExplicitCalling/7.3 FunctionCallingWithExplicitCalling.csproj" />
  </Folder>
  <Folder Name="/08. Function Calling/">
    <Project Path="FunctionCallingWithAutoInvoke/8.5 FunctionCallingWithAutoInvoke.csproj" />
    <Project Path="FunctionCallingWithBehavior/8.4 FunctionCallingWithBehavior.csproj" />
    <Project Path="FunctionCallingWithBehaviorOptions/8.6 FunctionCallingWithBehaviorOptions.csproj" />
    <Project Path="FunctionCallingWithMultiplePlugins/8.99 FunctionCallingWithMultiplePlugins.csproj" />
  </Folder>
  <Folder Name="/09. Filters/">
    <Project Path="FiltersArchitecture/9.2 FiltersArchitecture.csproj" />
    <Project Path="FiltersWithAutoFunctionInvocationFilter/9.12 FiltersWithAutoFunctionInvocationFilter.csproj" />
    <Project Path="FiltersWithFunctionInvocationFilter/9.7 FiltersWithFunctionInvocationFilter.csproj" />
    <Project Path="FiltersWithPromptRenderFilter/9.10 FiltersWithPromptRenderFilter.csproj" />
    <Project Path="FiltersWithTelemetry/9.13 FiltersWithTelemetry.csproj" />
  </Folder>
  <Folder Name="/10. RAG/">
    <Project Path="RAGWithBingExplicitCalling/10.06 RAGWithBingExplicitCalling.csproj" />
    <Project Path="RAGWithBingFunctionCalling/10.06a RAGWithBingFunctionCalling.csproj" />
    <Project Path="RAGWithInMemoryAndFunctionCalling/10.10 RAGWithInMemoryFunctionCalling.csproj" />
    <Project Path="RAGWithInMemoryExplicitCalling/10.09 RAGWithInMemoryExplicitCalling.csproj" />
    <Project Path="RAGWithInMemoryExplicitCallingTextAndPdf/10.13 RAGWithInMemoryExplicitCallingTextAndPdf.csproj" />
    <Project Path="RAGWithPluginKernelMemory/10.15 RAGWithPluginKernelMemory.csproj" Id="787869ca-3932-4c13-9402-f990d93dc764" />
    <Project Path="RAGWithServerlessKernelMemory/10.14 RAGWithServerlessKernelMemory.csproj" Id="fc699d21-ffa6-43b2-b888-9eea4fd33ff6" />
    <Project Path="RAGWithTextFile/10.03 RAGWithTextFile.csproj" />
    <Project Path="RAGWithTextFilePlugin/10.05 RAGWithTextFilePlugin.csproj" />
  </Folder>
  <Folder Name="/11. Open Source LLMs/">
    <Project Path="HuggingFaceWithChatCompletion/11.10 HuggingFaceWithChatCompletion.csproj" Id="abfeb5a0-9318-47d0-98c7-1032195fca6f" />
    <Project Path="LLamaSharpWithKernelAndChatCompletion/11.02 LLamaSharpWithKernelAndChatCompletion.csproj" />
    <Project Path="LLamaSharpWithKernelAndTextGeneration/11.01 LLamaSharpWithKernelAndTextGeneration.csproj" />
    <Project Path="MistralWithChatCompletion/11.12 MistralWithChatCompletion.csproj" Id="e6763ddd-877c-48ea-b9d8-d0c0a80eba19" />
    <Project Path="OllamaSharpWithChatCompletion/11.05d OllamaSharpWithChatCompletion.csproj" />
    <Project Path="OllamaSharpWithChatRequest/11.05b OllamaSharpWithChatRequest.csproj" />
    <Project Path="OllamaSharpWithChatRequestAndTools/11.05c OllamaSharpWithChatRequestAndTools.csproj" Id="b9b6c18f-82e9-427c-8a60-ee7068561ed7" />
    <Project Path="OllamaSharpWithGenerateRequest/11.05a OllamaSharpWithGenerateRequest.csproj" />
    <Project Path="OllamaSharpWithKernelAndChatCompletion/11.06 OllamaSharpWithKernelAndChatCompletion.csproj" />
    <Project Path="OllamaSharpWithKernelAndTextGeneration/11.05 OllamaSharpWithKernelAndTextGeneration.csproj" />
    <Project Path="OnnxWithKernel/11.03 OnnxWithKernel.csproj" />
    <Project Path="OnnxWithKernelAndChatHistory/11.04 OnnxWithKernelAndChatHistory.csproj" />
  </Folder>
  <Folder Name="/12. Agents/">
    <Project Path="AggregateAgentsFromYaml/AggregateAgentsFromYaml.csproj" Id="91801e74-a1ef-4f6c-aa6a-9101c6a988b4" />
    <Project Path="AzureAIAgent/12.14 AzureAIAgent.csproj" Id="154eafc3-9d15-4a11-b520-85b0197b03c0" />
    <Project Path="AzureAIAgentFromYaml/12.23 AzureAIAgentFromYaml.csproj" Id="fbce7ac3-2a9c-45a2-8069-c0f625c3f678" />
    <Project Path="AzureAIAgentWithCodeInterpreter/12.15 AzureAIAgentWithCodeInterpreter.csproj" Id="cf1a74c0-28cf-44de-a17e-4ac630923246" />
    <Project Path="AzureAIAgentWithFileSearch/12.16 AzureAIAgentWithFileSearch.csproj" Id="97384316-db20-4ab4-8fc7-a16182e19456" />
    <Project Path="AzureAIAgentWithResponseFormat/12.17 AzureAIAgentWithResponseFormat.csproj" Id="9ba3b8f3-338f-4eef-bf9b-67bbd9224773" />
    <Project Path="ChatCompletionAgent/12.03 ChatCompletionAgent.csproj" Id="95715503-5156-415e-a4cd-3cf61b57e807" />
    <Project Path="ChatCompletionAgentFromYaml/12.19 ChatCompletionAgentFromYaml.csproj" Id="3aba7afb-f370-4eef-abbc-024bd5879b33" />
    <Project Path="ChatCompletionAgentSimple/12.02 ChatCompletionAgentSimple.csproj" Id="09bcfdd2-8c41-4eef-99db-26f1893f6e9e" />
    <Project Path="ChatCompletionAgentWithContextualFunctionProvider/12.07 ChatCompletionAgentWithContextualFunctionProvider.csproj" Id="90710aac-e4c1-439a-bb2b-5f951174a587" />
    <Project Path="ChatCompletionAgentWithHistoryAndReducer/12.06a ChatCompletionAgentWithHistoryAndReducer.csproj" Id="18915dcc-d3f0-40d4-8e70-2533bce8ed64" />
    <Project Path="ChatCompletionAgentWithOllama/12.09 ChatCompletionAgentWithOllama.csproj" Id="20fecf2e-5d98-4a54-b076-2be0de39b5d7" />
    <Project Path="ChatCompletionAgentWithTextSearchProvider/12.08 ChatCompletionAgentWithTextSearchProvider.csproj" Id="acbb718b-d9b2-4ce8-babb-23c624fdc150" />
    <Project Path="ChatCompletionAgentWithThreads/12.06 ChatCompletionAgentWithThreads.csproj" Id="f65df832-6d66-40fe-89af-f3b210da0c20" />
    <Project Path="ChatCompletionAgentWithWhiteboardProvider/12.06b ChatCompletionAgentWithWhiteboardProvider.csproj" Id="dab5bf5d-49d4-439c-a17c-8966625acb5f" />
    <Project Path="OpenAIAssistantAgent/12.10 OpenAIAssistantAgent.csproj" />
    <Project Path="OpenAIAssistantAgentFromYaml/12.21 OpenAIAssistantAgentFromYaml.csproj" Id="db2fd305-1270-4832-ac53-5c460f77e2c8" />
    <Project Path="OpenAIAssistantAgentWithCodeInterpreter/12.11 OpenAIAssistantAgentWithCodeInterpreter.csproj" Id="c91b350d-2605-4613-9ff4-cbc8e98c1a92" />
    <Project Path="OpenAIAssistantAgentWithFileSearch/12.13 OpenAIAssistantAgentWithFileSearch.csproj" Id="04368d01-7759-47bb-afc7-ac41bc301c02" />
    <Project Path="OpenAIResponseAgent/12.13a OpenAIResponseAgent.csproj" Id="e4584c7b-0d4e-4f3b-8baa-c9438a31373b" />
  </Folder>
  <Folder Name="/13. Agents Orchestration/">
    <Project Path="AgentsWithConcurrentOrchestration/13.3 AgentsWithConcurrentOrchestration.csproj" Id="816d6e97-e200-4460-83fe-2aa8db849f81" />
    <Project Path="AgentsWithConcurrentOrchestrationWithStructuredOutput/13.4 AgentsWithConcurrentOrchestrationWithStructuredOutput.csproj" Id="b84c2b09-7ef4-4bbd-9e4d-0784ee06b628" />
    <Project Path="AgentsWithSequentialOrchestration/13.1 AgentsWithSequentialOrchestration.csproj" Id="daade0ff-d543-4cf5-ba8d-67492e22a485" />
    <Project Path="AgentsWithSequentialOrchestrationWithStructuredOutput/13.2 AgentsWithSequentialOrchestrationWithStructuredOutput.csproj" Id="b6ae6c9d-03c4-40f5-8787-ee07d1ee1c45" />
  </Folder>
  <Folder Name="/14. Joint Agents Orchestration/">
    <Project Path="AgentsWithGroupChatOrchestration/14.01 AgentsWithGroupChatOrchestration.csproj" Id="b790724b-00a8-4266-a418-9f9f614bda42" />
    <Project Path="AgentsWithGroupChatOrchestrationWithGroupChatManager/14.02 AgentsWithGroupChatOrchestrationWithGroupChatManager.csproj" Id="f71e71d0-bd7d-4183-b9fe-cdbe030d0eb0" />
    <Project Path="AgentsWithGroupChatOrchestrationWithHumanInput/14.04 AgentsWithGroupChatOrchestrationWithHumanInput.csproj" Id="0f01350f-ad5a-4515-ad78-b6a89ed0f195" />
    <Project Path="AgentsWithGroupChatOrchestrationWithMonitoredGroupChatManager/14.03 AgentsWithGroupChatOrchestrationWithMonitoredGroupChatManager.csproj" Id="c6c38934-8e5f-4e84-8ceb-c577c5a98052" />
  </Folder>
  <Folder Name="/15. Hierarchical Agents Orchestration/">
    <Project Path="AgentsWithHandoffOrchestration/15.01 AgentsWithHandoffOrchestration.csproj" />
    <Project Path="AgentsWithHandoffOrchestrationIncrementor/15.08b AgentsWithHandoffOrchestrationIncrementor.csproj" />
    <Project Path="AgentsWithHandoffOrchestrationIncrementorPatched/15.08cAgentsWithHandoffOrchestrationIncrementorPatched.csproj" />
    <Project Path="AgentsWithHandoffOrchestrationSimple/15.08a AgentsWithHandoffOrchestrationSimple.csproj" />
    <Project Path="AgentsWithHandoffOrchestrationWithHumanInput/15.07 AgentsWithHandoffOrchestrationWithHumanInput.csproj" />
    <Project Path="AgentsWithHandoffOrchestrationWithPersistentBaton/15.02 AgentsWithHandoffOrchestrationWithPersistentBaton.csproj" />
    <Project Path="AgentsWithMagenticOrchestration/15.09 AgentsWithMagenticOrchestration.csproj" />
  </Folder>
  <Folder Name="/16. MCP/">
    <Project Path="McpClientSample/16.02 McpClientSample.csproj" Id="5190ae86-04ce-4680-9b3a-58fcaf38ebad" />
    <Project Path="McpServerSample/16.01 McpServerSample.csproj" Id="8cc1073e-429f-4694-9b86-317dddf3a1f6" />
  </Folder>
  <Project Path="Agents/Agents.csproj" Id="a51ce1a1-8677-4bae-af3a-22cba0d527c0" />
  <Project Path="AspireServiceDefaults/AspireServiceDefaults.csproj" />
  <Project Path="Helper/Helpers.csproj" />
  <Project Path="Plugins/Plugins.csproj" />
</Solution>